
Microsoft Visual Studio Solution File, Format Version 12.00
# Visual Studio Version 17
VisualStudioVersion = 17.5.33516.290
MinimumVisualStudioVersion = 10.0.40219.1
Project("{FAE04EC0-301F-11D3-BF4B-00C04F79EFBC}") = "wp06_mvvm", "wp06_mvvm\wp06_mvvm.csproj", "{92B01DD4-A7D3-4397-87B1-94EAB18572A9}"
EndProject
Project("{FAE04EC0-301F-11D3-BF4B-00C04F79EFBC}") = "wp05_bikeshop", "wp05_bikeshop\wp05_bikeshop.csproj", "{81D833EF-397C-4B69-8152-9810DF41B822}"
EndProject
Global
	GlobalSection(SolutionConfigurationPlatforms) = preSolution
		Debug|Any CPU = Debug|Any CPU
		Release|Any CPU = Release|Any CPU
	EndGlobalSection
	GlobalSection(ProjectConfigurationPlatforms) = postSolution
		{92B01DD4-A7D3-4397-87B1-94EAB18572A9}.Debug|Any CPU.ActiveCfg = Debug|Any CPU
		{92B01DD4-A7D3-4397-87B1-94EAB18572A9}.Debug|Any CPU.Build.0 = Debug|Any CPU
		{92B01DD4-A7D3-4397-87B1-94EAB18572A9}.Release|Any CPU.ActiveCfg = Release|Any CPU
		{92B01DD4-A7D3-4397-87B1-94EAB18572A9}.Release|Any CPU.Build.0 = Release|Any CPU
		{81D833EF-397C-4B69-8152-9810DF41B822}.Debug|Any CPU.ActiveCfg = Debug|Any CPU
		{81D833EF-397C-4B69-8152-9810DF41B822}.Debug|Any CPU.Build.0 = Debug|Any CPU
		{81D833EF-397C-4B69-8152-9810DF41B822}.Release|Any CPU.ActiveCfg = Release|Any CPU
		{81D833EF-397C-4B69-8152-9810DF41B822}.Release|Any CPU.Build.0 = Release|Any CPU
	EndGlobalSection
	GlobalSection(SolutionProperties) = preSolution
		HideSolutionNode = FALSE
	EndGlobalSection
	GlobalSection(ExtensibilityGlobals) = postSolution
		SolutionGuid = {55715CD4-ADC2-440E-A4C8-F8F075099656}
	EndGlobalSection
EndGlobal
